// !$*UTF8*$!
{
	archiveVersion = 1;
	classes = {
	};
	objectVersion = 55;
	objects = {

/* Begin PBXBuildFile section */
		D92454FA28B549C200D2C961 /* AppDelegate.swift in Sources */ = {isa = PBXBuildFile; fileRef = D92454F928B549C200D2C961 /* AppDelegate.swift */; };
		D92454FC28B549C200D2C961 /* SceneDelegate.swift in Sources */ = {isa = PBXBuildFile; fileRef = D92454FB28B549C200D2C961 /* SceneDelegate.swift */; };
		D924550328B549C300D2C961 /* Assets.xcassets in Resources */ = {isa = PBXBuildFile; fileRef = D924550228B549C300D2C961 /* Assets.xcassets */; };
		D924550628B549C300D2C961 /* LaunchScreen.storyboard in Resources */ = {isa = PBXBuildFile; fileRef = D924550428B549C300D2C961 /* LaunchScreen.storyboard */; };
		D924552D28B5509000D2C961 /* HomepageViewController.swift in Sources */ = {isa = PBXBuildFile; fileRef = D924552C28B5509000D2C961 /* HomepageViewController.swift */; };
		D924552F28B550E200D2C961 /* HomepageView.swift in Sources */ = {isa = PBXBuildFile; fileRef = D924552E28B550E200D2C961 /* HomepageView.swift */; };
		D924553128B5512F00D2C961 /* Constants.swift in Sources */ = {isa = PBXBuildFile; fileRef = D924553028B5512F00D2C961 /* Constants.swift */; };
		D924553528B552D100D2C961 /* OpenSans-SemiBold.ttf in Resources */ = {isa = PBXBuildFile; fileRef = D924553328B552D100D2C961 /* OpenSans-SemiBold.ttf */; };
		D924553628B552D100D2C961 /* OpenSans-Bold.ttf in Resources */ = {isa = PBXBuildFile; fileRef = D924553428B552D100D2C961 /* OpenSans-Bold.ttf */; };
		D924553A28B9379600D2C961 /* ResultsViewController.swift in Sources */ = {isa = PBXBuildFile; fileRef = D924553928B9379600D2C961 /* ResultsViewController.swift */; };
		D924553C28B937EC00D2C961 /* LocationManager.swift in Sources */ = {isa = PBXBuildFile; fileRef = D924553B28B937EC00D2C961 /* LocationManager.swift */; };
		D924554028B9964800D2C961 /* AnimalResultsView.swift in Sources */ = {isa = PBXBuildFile; fileRef = D924553F28B9964800D2C961 /* AnimalResultsView.swift */; };
		D924554228B998BD00D2C961 /* ShelterResultsView.swift in Sources */ = {isa = PBXBuildFile; fileRef = D924554128B998BD00D2C961 /* ShelterResultsView.swift */; };
		D939C66728E269C7002D20A9 /* ShelterDetailViewController.swift in Sources */ = {isa = PBXBuildFile; fileRef = D939C66628E269C7002D20A9 /* ShelterDetailViewController.swift */; };
		D939C66928E269ED002D20A9 /* ShelterDetailView.swift in Sources */ = {isa = PBXBuildFile; fileRef = D939C66828E269ED002D20A9 /* ShelterDetailView.swift */; };
		D939C66B28EB9296002D20A9 /* ContactIcons.swift in Sources */ = {isa = PBXBuildFile; fileRef = D939C66A28EB9296002D20A9 /* ContactIcons.swift */; };
		D939C66D28EB92BD002D20A9 /* DetailStacks.swift in Sources */ = {isa = PBXBuildFile; fileRef = D939C66C28EB92BD002D20A9 /* DetailStacks.swift */; };
		D939C66F28EB9397002D20A9 /* DetailView.swift in Sources */ = {isa = PBXBuildFile; fileRef = D939C66E28EB9397002D20A9 /* DetailView.swift */; };
		D939DEA128C56118008C222C /* ShelterResultsWrapper.swift in Sources */ = {isa = PBXBuildFile; fileRef = D939DEA028C56118008C222C /* ShelterResultsWrapper.swift */; };
		D96A54B428C7FDBB004BE63C /* AnimalResultsViewController.swift in Sources */ = {isa = PBXBuildFile; fileRef = D96A54B328C7FDBB004BE63C /* AnimalResultsViewController.swift */; };
		D96A54B628C8EBF5004BE63C /* AnimalResultsWrapper.swift in Sources */ = {isa = PBXBuildFile; fileRef = D96A54B528C8EBF5004BE63C /* AnimalResultsWrapper.swift */; };
		D96A54BC28C8ED23004BE63C /* AnimalResults.swift in Sources */ = {isa = PBXBuildFile; fileRef = D96A54BB28C8ED23004BE63C /* AnimalResults.swift */; };
		D96A54BE28C8ED37004BE63C /* Animal.swift in Sources */ = {isa = PBXBuildFile; fileRef = D96A54BD28C8ED37004BE63C /* Animal.swift */; };
		D96A54C028C8ED4D004BE63C /* Breed.swift in Sources */ = {isa = PBXBuildFile; fileRef = D96A54BF28C8ED4D004BE63C /* Breed.swift */; };
		D96A54C228C8ED5D004BE63C /* Color.swift in Sources */ = {isa = PBXBuildFile; fileRef = D96A54C128C8ED5D004BE63C /* Color.swift */; };
		D96A54C428C8ED77004BE63C /* AnimalAttribute.swift in Sources */ = {isa = PBXBuildFile; fileRef = D96A54C328C8ED77004BE63C /* AnimalAttribute.swift */; };
		D96A54C628C8ED8B004BE63C /* AnimalEnvironment.swift in Sources */ = {isa = PBXBuildFile; fileRef = D96A54C528C8ED8B004BE63C /* AnimalEnvironment.swift */; };
		D96A54C828C8ED9D004BE63C /* Contact.swift in Sources */ = {isa = PBXBuildFile; fileRef = D96A54C728C8ED9D004BE63C /* Contact.swift */; };
		D96A54CA28C8EE19004BE63C /* AnimalURLBuilder.swift in Sources */ = {isa = PBXBuildFile; fileRef = D96A54C928C8EE19004BE63C /* AnimalURLBuilder.swift */; };
		D96A54CC28C8EE4F004BE63C /* URLBuilder.swift in Sources */ = {isa = PBXBuildFile; fileRef = D96A54CB28C8EE4F004BE63C /* URLBuilder.swift */; };
		D96A54D028CBF254004BE63C /* ImageLoader.swift in Sources */ = {isa = PBXBuildFile; fileRef = D96A54CF28CBF254004BE63C /* ImageLoader.swift */; };
		D9B0FDBC28B9BFF000F90834 /* ShelterResultsViewController.swift in Sources */ = {isa = PBXBuildFile; fileRef = D9B0FDBB28B9BFF000F90834 /* ShelterResultsViewController.swift */; };
		D9B0FDBE28B9CAB000F90834 /* ResultsViewType.swift in Sources */ = {isa = PBXBuildFile; fileRef = D9B0FDBD28B9CAB000F90834 /* ResultsViewType.swift */; };
		D9B0FDC028B9CF7D00F90834 /* AnimalCell.swift in Sources */ = {isa = PBXBuildFile; fileRef = D9B0FDBF28B9CF7D00F90834 /* AnimalCell.swift */; };
		D9B0FDC828BE91EF00F90834 /* ShelterCell.swift in Sources */ = {isa = PBXBuildFile; fileRef = D9B0FDC728BE91EF00F90834 /* ShelterCell.swift */; };
		D9B0FDCA28BE931C00F90834 /* ShelterURLBuilder.swift in Sources */ = {isa = PBXBuildFile; fileRef = D9B0FDC928BE931C00F90834 /* ShelterURLBuilder.swift */; };
		D9B0FDCC28BE937C00F90834 /* SortOptions.swift in Sources */ = {isa = PBXBuildFile; fileRef = D9B0FDCB28BE937C00F90834 /* SortOptions.swift */; };
		D9B0FDCE28BED9E900F90834 /* NetworkingSession.swift in Sources */ = {isa = PBXBuildFile; fileRef = D9B0FDCD28BED9E900F90834 /* NetworkingSession.swift */; };
		D9B0FDD028BFCB8700F90834 /* Networking.swift in Sources */ = {isa = PBXBuildFile; fileRef = D9B0FDCF28BFCB8700F90834 /* Networking.swift */; };
		D9B0FDD228BFCDB600F90834 /* NetworkError.swift in Sources */ = {isa = PBXBuildFile; fileRef = D9B0FDD128BFCDB600F90834 /* NetworkError.swift */; };
		D9B0FDD428BFCEBF00F90834 /* ApiKeys.swift in Sources */ = {isa = PBXBuildFile; fileRef = D9B0FDD328BFCEBF00F90834 /* ApiKeys.swift */; };
		D9B0FDD628BFCF6100F90834 /* Token.swift in Sources */ = {isa = PBXBuildFile; fileRef = D9B0FDD528BFCF6100F90834 /* Token.swift */; };
		D9B0FDDE28BFD05900F90834 /* Networking_Tests.swift in Sources */ = {isa = PBXBuildFile; fileRef = D9B0FDDD28BFD05900F90834 /* Networking_Tests.swift */; };
		D9B0FDE628C16BAF00F90834 /* Shelter.swift in Sources */ = {isa = PBXBuildFile; fileRef = D9B0FDE528C16BAF00F90834 /* Shelter.swift */; };
		D9B0FDE828C16BC900F90834 /* ShelterResults.swift in Sources */ = {isa = PBXBuildFile; fileRef = D9B0FDE728C16BC900F90834 /* ShelterResults.swift */; };
		D9B0FDEA28C16C2000F90834 /* Address.swift in Sources */ = {isa = PBXBuildFile; fileRef = D9B0FDE928C16C2000F90834 /* Address.swift */; };
		D9B0FDEC28C16C3500F90834 /* Photo.swift in Sources */ = {isa = PBXBuildFile; fileRef = D9B0FDEB28C16C3500F90834 /* Photo.swift */; };
		D9B0FDEE28C16C5400F90834 /* SocialMedia.swift in Sources */ = {isa = PBXBuildFile; fileRef = D9B0FDED28C16C5400F90834 /* SocialMedia.swift */; };
		D9B0FDF028C16C7300F90834 /* PaginationInfo.swift in Sources */ = {isa = PBXBuildFile; fileRef = D9B0FDEF28C16C7300F90834 /* PaginationInfo.swift */; };
		D9B0FDF228C16C8500F90834 /* PaginationLink.swift in Sources */ = {isa = PBXBuildFile; fileRef = D9B0FDF128C16C8500F90834 /* PaginationLink.swift */; };
		D9B0FDF428C16C9200F90834 /* PaginationNextLink.swift in Sources */ = {isa = PBXBuildFile; fileRef = D9B0FDF328C16C9200F90834 /* PaginationNextLink.swift */; };
		D9FA868728DCCD750005C613 /* AnimalDetailView.swift in Sources */ = {isa = PBXBuildFile; fileRef = D9FA868628DCCD750005C613 /* AnimalDetailView.swift */; };
		D9FBC90028DCBBAF00CF968C /* AnimalDetailViewController.swift in Sources */ = {isa = PBXBuildFile; fileRef = D9FBC8FF28DCBBAF00CF968C /* AnimalDetailViewController.swift */; };
/* End PBXBuildFile section */

/* Begin PBXContainerItemProxy section */
		D9B0FDDF28BFD05900F90834 /* PBXContainerItemProxy */ = {
			isa = PBXContainerItemProxy;
			containerPortal = D92454EE28B549C200D2C961 /* Project object */;
			proxyType = 1;
			remoteGlobalIDString = D92454F528B549C200D2C961;
			remoteInfo = "Save A Pup";
		};
/* End PBXContainerItemProxy section */

/* Begin PBXFileReference section */
		D92454F628B549C200D2C961 /* Save A Pup.app */ = {isa = PBXFileReference; explicitFileType = wrapper.application; includeInIndex = 0; path = "Save A Pup.app"; sourceTree = BUILT_PRODUCTS_DIR; };
		D92454F928B549C200D2C961 /* AppDelegate.swift */ = {isa = PBXFileReference; lastKnownFileType = sourcecode.swift; path = AppDelegate.swift; sourceTree = "<group>"; };
		D92454FB28B549C200D2C961 /* SceneDelegate.swift */ = {isa = PBXFileReference; lastKnownFileType = sourcecode.swift; path = SceneDelegate.swift; sourceTree = "<group>"; };
		D924550228B549C300D2C961 /* Assets.xcassets */ = {isa = PBXFileReference; lastKnownFileType = folder.assetcatalog; path = Assets.xcassets; sourceTree = "<group>"; };
		D924550528B549C300D2C961 /* Base */ = {isa = PBXFileReference; lastKnownFileType = file.storyboard; name = Base; path = Base.lproj/LaunchScreen.storyboard; sourceTree = "<group>"; };
		D924550728B549C300D2C961 /* Info.plist */ = {isa = PBXFileReference; lastKnownFileType = text.plist.xml; path = Info.plist; sourceTree = "<group>"; };
		D924552C28B5509000D2C961 /* HomepageViewController.swift */ = {isa = PBXFileReference; lastKnownFileType = sourcecode.swift; path = HomepageViewController.swift; sourceTree = "<group>"; };
		D924552E28B550E200D2C961 /* HomepageView.swift */ = {isa = PBXFileReference; lastKnownFileType = sourcecode.swift; path = HomepageView.swift; sourceTree = "<group>"; };
		D924553028B5512F00D2C961 /* Constants.swift */ = {isa = PBXFileReference; lastKnownFileType = sourcecode.swift; path = Constants.swift; sourceTree = "<group>"; };
		D924553328B552D100D2C961 /* OpenSans-SemiBold.ttf */ = {isa = PBXFileReference; lastKnownFileType = file; path = "OpenSans-SemiBold.ttf"; sourceTree = "<group>"; };
		D924553428B552D100D2C961 /* OpenSans-Bold.ttf */ = {isa = PBXFileReference; lastKnownFileType = file; path = "OpenSans-Bold.ttf"; sourceTree = "<group>"; };
		D924553928B9379600D2C961 /* ResultsViewController.swift */ = {isa = PBXFileReference; lastKnownFileType = sourcecode.swift; path = ResultsViewController.swift; sourceTree = "<group>"; };
		D924553B28B937EC00D2C961 /* LocationManager.swift */ = {isa = PBXFileReference; lastKnownFileType = sourcecode.swift; path = LocationManager.swift; sourceTree = "<group>"; };
		D924553F28B9964800D2C961 /* AnimalResultsView.swift */ = {isa = PBXFileReference; lastKnownFileType = sourcecode.swift; path = AnimalResultsView.swift; sourceTree = "<group>"; };
		D924554128B998BD00D2C961 /* ShelterResultsView.swift */ = {isa = PBXFileReference; lastKnownFileType = sourcecode.swift; path = ShelterResultsView.swift; sourceTree = "<group>"; };
		D939C66628E269C7002D20A9 /* ShelterDetailViewController.swift */ = {isa = PBXFileReference; lastKnownFileType = sourcecode.swift; path = ShelterDetailViewController.swift; sourceTree = "<group>"; };
		D939C66828E269ED002D20A9 /* ShelterDetailView.swift */ = {isa = PBXFileReference; lastKnownFileType = sourcecode.swift; path = ShelterDetailView.swift; sourceTree = "<group>"; };
		D939C66A28EB9296002D20A9 /* ContactIcons.swift */ = {isa = PBXFileReference; lastKnownFileType = sourcecode.swift; path = ContactIcons.swift; sourceTree = "<group>"; };
		D939C66C28EB92BD002D20A9 /* DetailStacks.swift */ = {isa = PBXFileReference; lastKnownFileType = sourcecode.swift; path = DetailStacks.swift; sourceTree = "<group>"; };
		D939C66E28EB9397002D20A9 /* DetailView.swift */ = {isa = PBXFileReference; lastKnownFileType = sourcecode.swift; path = DetailView.swift; sourceTree = "<group>"; };
		D939DEA028C56118008C222C /* ShelterResultsWrapper.swift */ = {isa = PBXFileReference; lastKnownFileType = sourcecode.swift; path = ShelterResultsWrapper.swift; sourceTree = "<group>"; };
		D96A54B328C7FDBB004BE63C /* AnimalResultsViewController.swift */ = {isa = PBXFileReference; lastKnownFileType = sourcecode.swift; path = AnimalResultsViewController.swift; sourceTree = "<group>"; };
		D96A54B528C8EBF5004BE63C /* AnimalResultsWrapper.swift */ = {isa = PBXFileReference; lastKnownFileType = sourcecode.swift; path = AnimalResultsWrapper.swift; sourceTree = "<group>"; };
		D96A54BB28C8ED23004BE63C /* AnimalResults.swift */ = {isa = PBXFileReference; lastKnownFileType = sourcecode.swift; path = AnimalResults.swift; sourceTree = "<group>"; };
		D96A54BD28C8ED37004BE63C /* Animal.swift */ = {isa = PBXFileReference; lastKnownFileType = sourcecode.swift; path = Animal.swift; sourceTree = "<group>"; };
		D96A54BF28C8ED4D004BE63C /* Breed.swift */ = {isa = PBXFileReference; lastKnownFileType = sourcecode.swift; path = Breed.swift; sourceTree = "<group>"; };
		D96A54C128C8ED5D004BE63C /* Color.swift */ = {isa = PBXFileReference; lastKnownFileType = sourcecode.swift; path = Color.swift; sourceTree = "<group>"; };
		D96A54C328C8ED77004BE63C /* AnimalAttribute.swift */ = {isa = PBXFileReference; lastKnownFileType = sourcecode.swift; path = AnimalAttribute.swift; sourceTree = "<group>"; };
		D96A54C528C8ED8B004BE63C /* AnimalEnvironment.swift */ = {isa = PBXFileReference; lastKnownFileType = sourcecode.swift; path = AnimalEnvironment.swift; sourceTree = "<group>"; };
		D96A54C728C8ED9D004BE63C /* Contact.swift */ = {isa = PBXFileReference; lastKnownFileType = sourcecode.swift; path = Contact.swift; sourceTree = "<group>"; };
		D96A54C928C8EE19004BE63C /* AnimalURLBuilder.swift */ = {isa = PBXFileReference; lastKnownFileType = sourcecode.swift; path = AnimalURLBuilder.swift; sourceTree = "<group>"; };
		D96A54CB28C8EE4F004BE63C /* URLBuilder.swift */ = {isa = PBXFileReference; lastKnownFileType = sourcecode.swift; path = URLBuilder.swift; sourceTree = "<group>"; };
		D96A54CF28CBF254004BE63C /* ImageLoader.swift */ = {isa = PBXFileReference; lastKnownFileType = sourcecode.swift; path = ImageLoader.swift; sourceTree = "<group>"; };
		D9B0FDBB28B9BFF000F90834 /* ShelterResultsViewController.swift */ = {isa = PBXFileReference; lastKnownFileType = sourcecode.swift; path = ShelterResultsViewController.swift; sourceTree = "<group>"; };
		D9B0FDBD28B9CAB000F90834 /* ResultsViewType.swift */ = {isa = PBXFileReference; lastKnownFileType = sourcecode.swift; path = ResultsViewType.swift; sourceTree = "<group>"; };
		D9B0FDBF28B9CF7D00F90834 /* AnimalCell.swift */ = {isa = PBXFileReference; lastKnownFileType = sourcecode.swift; path = AnimalCell.swift; sourceTree = "<group>"; };
		D9B0FDC728BE91EF00F90834 /* ShelterCell.swift */ = {isa = PBXFileReference; lastKnownFileType = sourcecode.swift; path = ShelterCell.swift; sourceTree = "<group>"; };
		D9B0FDC928BE931C00F90834 /* ShelterURLBuilder.swift */ = {isa = PBXFileReference; lastKnownFileType = sourcecode.swift; path = ShelterURLBuilder.swift; sourceTree = "<group>"; };
		D9B0FDCB28BE937C00F90834 /* SortOptions.swift */ = {isa = PBXFileReference; lastKnownFileType = sourcecode.swift; path = SortOptions.swift; sourceTree = "<group>"; };
		D9B0FDCD28BED9E900F90834 /* NetworkingSession.swift */ = {isa = PBXFileReference; lastKnownFileType = sourcecode.swift; path = NetworkingSession.swift; sourceTree = "<group>"; };
		D9B0FDCF28BFCB8700F90834 /* Networking.swift */ = {isa = PBXFileReference; lastKnownFileType = sourcecode.swift; path = Networking.swift; sourceTree = "<group>"; };
		D9B0FDD128BFCDB600F90834 /* NetworkError.swift */ = {isa = PBXFileReference; lastKnownFileType = sourcecode.swift; path = NetworkError.swift; sourceTree = "<group>"; };
		D9B0FDD328BFCEBF00F90834 /* ApiKeys.swift */ = {isa = PBXFileReference; lastKnownFileType = sourcecode.swift; path = ApiKeys.swift; sourceTree = "<group>"; };
		D9B0FDD528BFCF6100F90834 /* Token.swift */ = {isa = PBXFileReference; lastKnownFileType = sourcecode.swift; path = Token.swift; sourceTree = "<group>"; };
		D9B0FDDB28BFD05900F90834 /* Networking Tests.xctest */ = {isa = PBXFileReference; explicitFileType = wrapper.cfbundle; includeInIndex = 0; path = "Networking Tests.xctest"; sourceTree = BUILT_PRODUCTS_DIR; };
		D9B0FDDD28BFD05900F90834 /* Networking_Tests.swift */ = {isa = PBXFileReference; lastKnownFileType = sourcecode.swift; path = Networking_Tests.swift; sourceTree = "<group>"; };
		D9B0FDE528C16BAF00F90834 /* Shelter.swift */ = {isa = PBXFileReference; lastKnownFileType = sourcecode.swift; path = Shelter.swift; sourceTree = "<group>"; };
		D9B0FDE728C16BC900F90834 /* ShelterResults.swift */ = {isa = PBXFileReference; lastKnownFileType = sourcecode.swift; path = ShelterResults.swift; sourceTree = "<group>"; };
		D9B0FDE928C16C2000F90834 /* Address.swift */ = {isa = PBXFileReference; lastKnownFileType = sourcecode.swift; path = Address.swift; sourceTree = "<group>"; };
		D9B0FDEB28C16C3500F90834 /* Photo.swift */ = {isa = PBXFileReference; lastKnownFileType = sourcecode.swift; path = Photo.swift; sourceTree = "<group>"; };
		D9B0FDED28C16C5400F90834 /* SocialMedia.swift */ = {isa = PBXFileReference; lastKnownFileType = sourcecode.swift; path = SocialMedia.swift; sourceTree = "<group>"; };
		D9B0FDEF28C16C7300F90834 /* PaginationInfo.swift */ = {isa = PBXFileReference; lastKnownFileType = sourcecode.swift; path = PaginationInfo.swift; sourceTree = "<group>"; };
		D9B0FDF128C16C8500F90834 /* PaginationLink.swift */ = {isa = PBXFileReference; lastKnownFileType = sourcecode.swift; path = PaginationLink.swift; sourceTree = "<group>"; };
		D9B0FDF328C16C9200F90834 /* PaginationNextLink.swift */ = {isa = PBXFileReference; lastKnownFileType = sourcecode.swift; path = PaginationNextLink.swift; sourceTree = "<group>"; };
		D9FA868628DCCD750005C613 /* AnimalDetailView.swift */ = {isa = PBXFileReference; lastKnownFileType = sourcecode.swift; path = AnimalDetailView.swift; sourceTree = "<group>"; };
		D9FBC8FF28DCBBAF00CF968C /* AnimalDetailViewController.swift */ = {isa = PBXFileReference; lastKnownFileType = sourcecode.swift; path = AnimalDetailViewController.swift; sourceTree = "<group>"; };
/* End PBXFileReference section */

/* Begin PBXFrameworksBuildPhase section */
		D92454F328B549C200D2C961 /* Frameworks */ = {
			isa = PBXFrameworksBuildPhase;
			buildActionMask = 2147483647;
			files = (
			);
			runOnlyForDeploymentPostprocessing = 0;
		};
		D9B0FDD828BFD05900F90834 /* Frameworks */ = {
			isa = PBXFrameworksBuildPhase;
			buildActionMask = 2147483647;
			files = (
			);
			runOnlyForDeploymentPostprocessing = 0;
		};
/* End PBXFrameworksBuildPhase section */

/* Begin PBXGroup section */
		D92454ED28B549C200D2C961 = {
			isa = PBXGroup;
			children = (
				D92454F828B549C200D2C961 /* Save A Pup */,
				D9B0FDDC28BFD05900F90834 /* Networking Tests */,
				D92454F728B549C200D2C961 /* Products */,
			);
			sourceTree = "<group>";
		};
		D92454F728B549C200D2C961 /* Products */ = {
			isa = PBXGroup;
			children = (
				D92454F628B549C200D2C961 /* Save A Pup.app */,
				D9B0FDDB28BFD05900F90834 /* Networking Tests.xctest */,
			);
			name = Products;
			sourceTree = "<group>";
		};
		D92454F828B549C200D2C961 /* Save A Pup */ = {
			isa = PBXGroup;
			children = (
				D9B0FDD328BFCEBF00F90834 /* ApiKeys.swift */,
				D92454F928B549C200D2C961 /* AppDelegate.swift */,
				D924553028B5512F00D2C961 /* Constants.swift */,
				D92454FB28B549C200D2C961 /* SceneDelegate.swift */,
				D924552928B5500700D2C961 /* Model */,
				D924552A28B5501100D2C961 /* View */,
				D924552B28B5501600D2C961 /* Controller */,
				D924550228B549C300D2C961 /* Assets.xcassets */,
				D924550428B549C300D2C961 /* LaunchScreen.storyboard */,
				D924550728B549C300D2C961 /* Info.plist */,
				D924553228B552D100D2C961 /* Fonts */,
			);
			path = "Save A Pup";
			sourceTree = "<group>";
		};
		D924552928B5500700D2C961 /* Model */ = {
			isa = PBXGroup;
			children = (
				D939C66A28EB9296002D20A9 /* ContactIcons.swift */,
				D939C66C28EB92BD002D20A9 /* DetailStacks.swift */,
				D96A54CF28CBF254004BE63C /* ImageLoader.swift */,
				D924553B28B937EC00D2C961 /* LocationManager.swift */,
				D9B0FDCF28BFCB8700F90834 /* Networking.swift */,
				D9B0FDD128BFCDB600F90834 /* NetworkError.swift */,
				D9B0FDCD28BED9E900F90834 /* NetworkingSession.swift */,
				D9B0FDD528BFCF6100F90834 /* Token.swift */,
				D96A54CB28C8EE4F004BE63C /* URLBuilder.swift */,
				D9B0FDC528BE900E00F90834 /* Animals */,
				D9B0FDE428C16B8D00F90834 /* JSON Decoding */,
				D9B0FDC628BE901600F90834 /* Shelters */,
			);
			path = Model;
			sourceTree = "<group>";
		};
		D924552A28B5501100D2C961 /* View */ = {
			isa = PBXGroup;
			children = (
				D939C66E28EB9397002D20A9 /* DetailView.swift */,
				D924552E28B550E200D2C961 /* HomepageView.swift */,
				D9B0FDC128B9D1CD00F90834 /* Animal */,
				D9B0FDC228B9D1D700F90834 /* Shelter */,
			);
			path = View;
			sourceTree = "<group>";
		};
		D924552B28B5501600D2C961 /* Controller */ = {
			isa = PBXGroup;
			children = (
				D924552C28B5509000D2C961 /* HomepageViewController.swift */,
				D924553928B9379600D2C961 /* ResultsViewController.swift */,
				D9B0FDBD28B9CAB000F90834 /* ResultsViewType.swift */,
				D9FBC8FD28DCBB7300CF968C /* Animal */,
				D9FBC8FE28DCBB7900CF968C /* Shelter */,
			);
			path = Controller;
			sourceTree = "<group>";
		};
		D924553228B552D100D2C961 /* Fonts */ = {
			isa = PBXGroup;
			children = (
				D924553328B552D100D2C961 /* OpenSans-SemiBold.ttf */,
				D924553428B552D100D2C961 /* OpenSans-Bold.ttf */,
			);
			path = Fonts;
			sourceTree = "<group>";
		};
		D96A54B928C8ECA5004BE63C /* Fetching Shelters */ = {
			isa = PBXGroup;
			children = (
				D9B0FDE728C16BC900F90834 /* ShelterResults.swift */,
				D9B0FDE528C16BAF00F90834 /* Shelter.swift */,
			);
			path = "Fetching Shelters";
			sourceTree = "<group>";
		};
		D96A54BA28C8ECB1004BE63C /* Fetching Animals */ = {
			isa = PBXGroup;
			children = (
				D96A54BB28C8ED23004BE63C /* AnimalResults.swift */,
				D96A54BD28C8ED37004BE63C /* Animal.swift */,
				D96A54BF28C8ED4D004BE63C /* Breed.swift */,
				D96A54C128C8ED5D004BE63C /* Color.swift */,
				D96A54C328C8ED77004BE63C /* AnimalAttribute.swift */,
				D96A54C528C8ED8B004BE63C /* AnimalEnvironment.swift */,
				D96A54C728C8ED9D004BE63C /* Contact.swift */,
			);
			path = "Fetching Animals";
			sourceTree = "<group>";
		};
		D9B0FDC128B9D1CD00F90834 /* Animal */ = {
			isa = PBXGroup;
			children = (
				D924553F28B9964800D2C961 /* AnimalResultsView.swift */,
				D9B0FDBF28B9CF7D00F90834 /* AnimalCell.swift */,
				D9FA868628DCCD750005C613 /* AnimalDetailView.swift */,
			);
			path = Animal;
			sourceTree = "<group>";
		};
		D9B0FDC228B9D1D700F90834 /* Shelter */ = {
			isa = PBXGroup;
			children = (
				D924554128B998BD00D2C961 /* ShelterResultsView.swift */,
				D9B0FDC728BE91EF00F90834 /* ShelterCell.swift */,
				D939C66828E269ED002D20A9 /* ShelterDetailView.swift */,
			);
			path = Shelter;
			sourceTree = "<group>";
		};
		D9B0FDC528BE900E00F90834 /* Animals */ = {
			isa = PBXGroup;
			children = (
				D96A54B528C8EBF5004BE63C /* AnimalResultsWrapper.swift */,
				D96A54C928C8EE19004BE63C /* AnimalURLBuilder.swift */,
			);
			path = Animals;
			sourceTree = "<group>";
		};
		D9B0FDC628BE901600F90834 /* Shelters */ = {
			isa = PBXGroup;
			children = (
				D9B0FDC928BE931C00F90834 /* ShelterURLBuilder.swift */,
				D9B0FDCB28BE937C00F90834 /* SortOptions.swift */,
				D939DEA028C56118008C222C /* ShelterResultsWrapper.swift */,
			);
			path = Shelters;
			sourceTree = "<group>";
		};
		D9B0FDDC28BFD05900F90834 /* Networking Tests */ = {
			isa = PBXGroup;
			children = (
				D9B0FDDD28BFD05900F90834 /* Networking_Tests.swift */,
			);
			path = "Networking Tests";
			sourceTree = "<group>";
		};
		D9B0FDE428C16B8D00F90834 /* JSON Decoding */ = {
			isa = PBXGroup;
			children = (
				D9B0FDE928C16C2000F90834 /* Address.swift */,
				D9B0FDEF28C16C7300F90834 /* PaginationInfo.swift */,
				D9B0FDF128C16C8500F90834 /* PaginationLink.swift */,
				D9B0FDF328C16C9200F90834 /* PaginationNextLink.swift */,
				D9B0FDEB28C16C3500F90834 /* Photo.swift */,
				D9B0FDED28C16C5400F90834 /* SocialMedia.swift */,
				D96A54BA28C8ECB1004BE63C /* Fetching Animals */,
				D96A54B928C8ECA5004BE63C /* Fetching Shelters */,
			);
			path = "JSON Decoding";
			sourceTree = "<group>";
		};
		D9FBC8FD28DCBB7300CF968C /* Animal */ = {
			isa = PBXGroup;
			children = (
				D96A54B328C7FDBB004BE63C /* AnimalResultsViewController.swift */,
				D9FBC8FF28DCBBAF00CF968C /* AnimalDetailViewController.swift */,
			);
			path = Animal;
			sourceTree = "<group>";
		};
		D9FBC8FE28DCBB7900CF968C /* Shelter */ = {
			isa = PBXGroup;
			children = (
				D9B0FDBB28B9BFF000F90834 /* ShelterResultsViewController.swift */,
				D939C66628E269C7002D20A9 /* ShelterDetailViewController.swift */,
			);
			path = Shelter;
			sourceTree = "<group>";
		};
/* End PBXGroup section */

/* Begin PBXNativeTarget section */
		D92454F528B549C200D2C961 /* Save A Pup */ = {
			isa = PBXNativeTarget;
			buildConfigurationList = D924552028B549C400D2C961 /* Build configuration list for PBXNativeTarget "Save A Pup" */;
			buildPhases = (
				D92454F228B549C200D2C961 /* Sources */,
				D92454F328B549C200D2C961 /* Frameworks */,
				D92454F428B549C200D2C961 /* Resources */,
			);
			buildRules = (
			);
			dependencies = (
			);
			name = "Save A Pup";
			productName = "Save A Pup";
			productReference = D92454F628B549C200D2C961 /* Save A Pup.app */;
			productType = "com.apple.product-type.application";
		};
		D9B0FDDA28BFD05900F90834 /* Networking Tests */ = {
			isa = PBXNativeTarget;
			buildConfigurationList = D9B0FDE128BFD05900F90834 /* Build configuration list for PBXNativeTarget "Networking Tests" */;
			buildPhases = (
				D9B0FDD728BFD05900F90834 /* Sources */,
				D9B0FDD828BFD05900F90834 /* Frameworks */,
				D9B0FDD928BFD05900F90834 /* Resources */,
			);
			buildRules = (
			);
			dependencies = (
				D9B0FDE028BFD05900F90834 /* PBXTargetDependency */,
			);
			name = "Networking Tests";
			productName = "Networking Tests";
			productReference = D9B0FDDB28BFD05900F90834 /* Networking Tests.xctest */;
			productType = "com.apple.product-type.bundle.unit-test";
		};
/* End PBXNativeTarget section */

/* Begin PBXProject section */
		D92454EE28B549C200D2C961 /* Project object */ = {
			isa = PBXProject;
			attributes = {
				BuildIndependentTargetsInParallel = 1;
				LastSwiftUpdateCheck = 1330;
				LastUpgradeCheck = 1330;
				TargetAttributes = {
					D92454F528B549C200D2C961 = {
						CreatedOnToolsVersion = 13.3.1;
					};
					D9B0FDDA28BFD05900F90834 = {
						CreatedOnToolsVersion = 13.3.1;
						TestTargetID = D92454F528B549C200D2C961;
					};
				};
			};
			buildConfigurationList = D92454F128B549C200D2C961 /* Build configuration list for PBXProject "Save A Pup" */;
			compatibilityVersion = "Xcode 13.0";
			developmentRegion = en;
			hasScannedForEncodings = 0;
			knownRegions = (
				en,
				Base,
			);
			mainGroup = D92454ED28B549C200D2C961;
			productRefGroup = D92454F728B549C200D2C961 /* Products */;
			projectDirPath = "";
			projectRoot = "";
			targets = (
				D92454F528B549C200D2C961 /* Save A Pup */,
				D9B0FDDA28BFD05900F90834 /* Networking Tests */,
			);
		};
/* End PBXProject section */

/* Begin PBXResourcesBuildPhase section */
		D92454F428B549C200D2C961 /* Resources */ = {
			isa = PBXResourcesBuildPhase;
			buildActionMask = 2147483647;
			files = (
				D924550628B549C300D2C961 /* LaunchScreen.storyboard in Resources */,
				D924553528B552D100D2C961 /* OpenSans-SemiBold.ttf in Resources */,
				D924553628B552D100D2C961 /* OpenSans-Bold.ttf in Resources */,
				D924550328B549C300D2C961 /* Assets.xcassets in Resources */,
			);
			runOnlyForDeploymentPostprocessing = 0;
		};
		D9B0FDD928BFD05900F90834 /* Resources */ = {
			isa = PBXResourcesBuildPhase;
			buildActionMask = 2147483647;
			files = (
			);
			runOnlyForDeploymentPostprocessing = 0;
		};
/* End PBXResourcesBuildPhase section */

/* Begin PBXSourcesBuildPhase section */
		D92454F228B549C200D2C961 /* Sources */ = {
			isa = PBXSourcesBuildPhase;
			buildActionMask = 2147483647;
			files = (
				D939C66928E269ED002D20A9 /* ShelterDetailView.swift in Sources */,
				D9B0FDF428C16C9200F90834 /* PaginationNextLink.swift in Sources */,
				D924554028B9964800D2C961 /* AnimalResultsView.swift in Sources */,
				D9B0FDC028B9CF7D00F90834 /* AnimalCell.swift in Sources */,
				D96A54B628C8EBF5004BE63C /* AnimalResultsWrapper.swift in Sources */,
				D924553128B5512F00D2C961 /* Constants.swift in Sources */,
				D96A54CC28C8EE4F004BE63C /* URLBuilder.swift in Sources */,
				D9B0FDE628C16BAF00F90834 /* Shelter.swift in Sources */,
				D96A54C428C8ED77004BE63C /* AnimalAttribute.swift in Sources */,
				D9B0FDD028BFCB8700F90834 /* Networking.swift in Sources */,
				D9B0FDCE28BED9E900F90834 /* NetworkingSession.swift in Sources */,
				D939C66D28EB92BD002D20A9 /* DetailStacks.swift in Sources */,
				D9B0FDEA28C16C2000F90834 /* Address.swift in Sources */,
				D92454FA28B549C200D2C961 /* AppDelegate.swift in Sources */,
				D9FA868728DCCD750005C613 /* AnimalDetailView.swift in Sources */,
				D92454FC28B549C200D2C961 /* SceneDelegate.swift in Sources */,
				D96A54BE28C8ED37004BE63C /* Animal.swift in Sources */,
				D9B0FDEC28C16C3500F90834 /* Photo.swift in Sources */,
				D924553C28B937EC00D2C961 /* LocationManager.swift in Sources */,
				D96A54C028C8ED4D004BE63C /* Breed.swift in Sources */,
				D9B0FDCA28BE931C00F90834 /* ShelterURLBuilder.swift in Sources */,
				D9B0FDBC28B9BFF000F90834 /* ShelterResultsViewController.swift in Sources */,
				D9B0FDE828C16BC900F90834 /* ShelterResults.swift in Sources */,
				D96A54B428C7FDBB004BE63C /* AnimalResultsViewController.swift in Sources */,
				D96A54C828C8ED9D004BE63C /* Contact.swift in Sources */,
				D939C66F28EB9397002D20A9 /* DetailView.swift in Sources */,
				D9B0FDC828BE91EF00F90834 /* ShelterCell.swift in Sources */,
				D96A54BC28C8ED23004BE63C /* AnimalResults.swift in Sources */,
				D924552F28B550E200D2C961 /* HomepageView.swift in Sources */,
				D9B0FDBE28B9CAB000F90834 /* ResultsViewType.swift in Sources */,
				D9FBC90028DCBBAF00CF968C /* AnimalDetailViewController.swift in Sources */,
				D96A54C228C8ED5D004BE63C /* Color.swift in Sources */,
				D924552D28B5509000D2C961 /* HomepageViewController.swift in Sources */,
				D9B0FDD428BFCEBF00F90834 /* ApiKeys.swift in Sources */,
				D9B0FDF228C16C8500F90834 /* PaginationLink.swift in Sources */,
				D9B0FDD628BFCF6100F90834 /* Token.swift in Sources */,
				D96A54C628C8ED8B004BE63C /* AnimalEnvironment.swift in Sources */,
				D9B0FDF028C16C7300F90834 /* PaginationInfo.swift in Sources */,
				D924553A28B9379600D2C961 /* ResultsViewController.swift in Sources */,
				D939C66B28EB9296002D20A9 /* ContactIcons.swift in Sources */,
				D96A54D028CBF254004BE63C /* ImageLoader.swift in Sources */,
				D96A54CA28C8EE19004BE63C /* AnimalURLBuilder.swift in Sources */,
				D924554228B998BD00D2C961 /* ShelterResultsView.swift in Sources */,
				D939C66728E269C7002D20A9 /* ShelterDetailViewController.swift in Sources */,
				D9B0FDCC28BE937C00F90834 /* SortOptions.swift in Sources */,
				D9B0FDEE28C16C5400F90834 /* SocialMedia.swift in Sources */,
				D9B0FDD228BFCDB600F90834 /* NetworkError.swift in Sources */,
				D939DEA128C56118008C222C /* ShelterResultsWrapper.swift in Sources */,
			);
			runOnlyForDeploymentPostprocessing = 0;
		};
		D9B0FDD728BFD05900F90834 /* Sources */ = {
			isa = PBXSourcesBuildPhase;
			buildActionMask = 2147483647;
			files = (
				D9B0FDDE28BFD05900F90834 /* Networking_Tests.swift in Sources */,
			);
			runOnlyForDeploymentPostprocessing = 0;
		};
/* End PBXSourcesBuildPhase section */

/* Begin PBXTargetDependency section */
		D9B0FDE028BFD05900F90834 /* PBXTargetDependency */ = {
			isa = PBXTargetDependency;
			target = D92454F528B549C200D2C961 /* Save A Pup */;
			targetProxy = D9B0FDDF28BFD05900F90834 /* PBXContainerItemProxy */;
		};
/* End PBXTargetDependency section */

/* Begin PBXVariantGroup section */
		D924550428B549C300D2C961 /* LaunchScreen.storyboard */ = {
			isa = PBXVariantGroup;
			children = (
				D924550528B549C300D2C961 /* Base */,
			);
			name = LaunchScreen.storyboard;
			sourceTree = "<group>";
		};
/* End PBXVariantGroup section */

/* Begin XCBuildConfiguration section */
		D924551E28B549C400D2C961 /* Debug */ = {
			isa = XCBuildConfiguration;
			buildSettings = {
				ALWAYS_SEARCH_USER_PATHS = NO;
				CLANG_ANALYZER_NONNULL = YES;
				CLANG_ANALYZER_NUMBER_OBJECT_CONVERSION = YES_AGGRESSIVE;
				CLANG_CXX_LANGUAGE_STANDARD = "gnu++17";
				CLANG_ENABLE_MODULES = YES;
				CLANG_ENABLE_OBJC_ARC = YES;
				CLANG_ENABLE_OBJC_WEAK = YES;
				CLANG_WARN_BLOCK_CAPTURE_AUTORELEASING = YES;
				CLANG_WARN_BOOL_CONVERSION = YES;
				CLANG_WARN_COMMA = YES;
				CLANG_WARN_CONSTANT_CONVERSION = YES;
				CLANG_WARN_DEPRECATED_OBJC_IMPLEMENTATIONS = YES;
				CLANG_WARN_DIRECT_OBJC_ISA_USAGE = YES_ERROR;
				CLANG_WARN_DOCUMENTATION_COMMENTS = YES;
				CLANG_WARN_EMPTY_BODY = YES;
				CLANG_WARN_ENUM_CONVERSION = YES;
				CLANG_WARN_INFINITE_RECURSION = YES;
				CLANG_WARN_INT_CONVERSION = YES;
				CLANG_WARN_NON_LITERAL_NULL_CONVERSION = YES;
				CLANG_WARN_OBJC_IMPLICIT_RETAIN_SELF = YES;
				CLANG_WARN_OBJC_LITERAL_CONVERSION = YES;
				CLANG_WARN_OBJC_ROOT_CLASS = YES_ERROR;
				CLANG_WARN_QUOTED_INCLUDE_IN_FRAMEWORK_HEADER = YES;
				CLANG_WARN_RANGE_LOOP_ANALYSIS = YES;
				CLANG_WARN_STRICT_PROTOTYPES = YES;
				CLANG_WARN_SUSPICIOUS_MOVE = YES;
				CLANG_WARN_UNGUARDED_AVAILABILITY = YES_AGGRESSIVE;
				CLANG_WARN_UNREACHABLE_CODE = YES;
				CLANG_WARN__DUPLICATE_METHOD_MATCH = YES;
				COPY_PHASE_STRIP = NO;
				DEBUG_INFORMATION_FORMAT = dwarf;
				ENABLE_STRICT_OBJC_MSGSEND = YES;
				ENABLE_TESTABILITY = YES;
				GCC_C_LANGUAGE_STANDARD = gnu11;
				GCC_DYNAMIC_NO_PIC = NO;
				GCC_NO_COMMON_BLOCKS = YES;
				GCC_OPTIMIZATION_LEVEL = 0;
				GCC_PREPROCESSOR_DEFINITIONS = (
					"DEBUG=1",
					"$(inherited)",
				);
				GCC_WARN_64_TO_32_BIT_CONVERSION = YES;
				GCC_WARN_ABOUT_RETURN_TYPE = YES_ERROR;
				GCC_WARN_UNDECLARED_SELECTOR = YES;
				GCC_WARN_UNINITIALIZED_AUTOS = YES_AGGRESSIVE;
				GCC_WARN_UNUSED_FUNCTION = YES;
				GCC_WARN_UNUSED_VARIABLE = YES;
				IPHONEOS_DEPLOYMENT_TARGET = 15.4;
				MTL_ENABLE_DEBUG_INFO = INCLUDE_SOURCE;
				MTL_FAST_MATH = YES;
				ONLY_ACTIVE_ARCH = YES;
				SDKROOT = iphoneos;
				SWIFT_ACTIVE_COMPILATION_CONDITIONS = DEBUG;
				SWIFT_OPTIMIZATION_LEVEL = "-Onone";
			};
			name = Debug;
		};
		D924551F28B549C400D2C961 /* Release */ = {
			isa = XCBuildConfiguration;
			buildSettings = {
				ALWAYS_SEARCH_USER_PATHS = NO;
				CLANG_ANALYZER_NONNULL = YES;
				CLANG_ANALYZER_NUMBER_OBJECT_CONVERSION = YES_AGGRESSIVE;
				CLANG_CXX_LANGUAGE_STANDARD = "gnu++17";
				CLANG_ENABLE_MODULES = YES;
				CLANG_ENABLE_OBJC_ARC = YES;
				CLANG_ENABLE_OBJC_WEAK = YES;
				CLANG_WARN_BLOCK_CAPTURE_AUTORELEASING = YES;
				CLANG_WARN_BOOL_CONVERSION = YES;
				CLANG_WARN_COMMA = YES;
				CLANG_WARN_CONSTANT_CONVERSION = YES;
				CLANG_WARN_DEPRECATED_OBJC_IMPLEMENTATIONS = YES;
				CLANG_WARN_DIRECT_OBJC_ISA_USAGE = YES_ERROR;
				CLANG_WARN_DOCUMENTATION_COMMENTS = YES;
				CLANG_WARN_EMPTY_BODY = YES;
				CLANG_WARN_ENUM_CONVERSION = YES;
				CLANG_WARN_INFINITE_RECURSION = YES;
				CLANG_WARN_INT_CONVERSION = YES;
				CLANG_WARN_NON_LITERAL_NULL_CONVERSION = YES;
				CLANG_WARN_OBJC_IMPLICIT_RETAIN_SELF = YES;
				CLANG_WARN_OBJC_LITERAL_CONVERSION = YES;
				CLANG_WARN_OBJC_ROOT_CLASS = YES_ERROR;
				CLANG_WARN_QUOTED_INCLUDE_IN_FRAMEWORK_HEADER = YES;
				CLANG_WARN_RANGE_LOOP_ANALYSIS = YES;
				CLANG_WARN_STRICT_PROTOTYPES = YES;
				CLANG_WARN_SUSPICIOUS_MOVE = YES;
				CLANG_WARN_UNGUARDED_AVAILABILITY = YES_AGGRESSIVE;
				CLANG_WARN_UNREACHABLE_CODE = YES;
				CLANG_WARN__DUPLICATE_METHOD_MATCH = YES;
				COPY_PHASE_STRIP = NO;
				DEBUG_INFORMATION_FORMAT = "dwarf-with-dsym";
				ENABLE_NS_ASSERTIONS = NO;
				ENABLE_STRICT_OBJC_MSGSEND = YES;
				GCC_C_LANGUAGE_STANDARD = gnu11;
				GCC_NO_COMMON_BLOCKS = YES;
				GCC_WARN_64_TO_32_BIT_CONVERSION = YES;
				GCC_WARN_ABOUT_RETURN_TYPE = YES_ERROR;
				GCC_WARN_UNDECLARED_SELECTOR = YES;
				GCC_WARN_UNINITIALIZED_AUTOS = YES_AGGRESSIVE;
				GCC_WARN_UNUSED_FUNCTION = YES;
				GCC_WARN_UNUSED_VARIABLE = YES;
				IPHONEOS_DEPLOYMENT_TARGET = 15.4;
				MTL_ENABLE_DEBUG_INFO = NO;
				MTL_FAST_MATH = YES;
				SDKROOT = iphoneos;
				SWIFT_COMPILATION_MODE = wholemodule;
				SWIFT_OPTIMIZATION_LEVEL = "-O";
				VALIDATE_PRODUCT = YES;
			};
			name = Release;
		};
		D924552128B549C400D2C961 /* Debug */ = {
			isa = XCBuildConfiguration;
			buildSettings = {
				ASSETCATALOG_COMPILER_APPICON_NAME = AppIcon;
				ASSETCATALOG_COMPILER_GLOBAL_ACCENT_COLOR_NAME = "";
				CODE_SIGN_STYLE = Automatic;
				CURRENT_PROJECT_VERSION = 1;
				DEVELOPMENT_TEAM = JM53A4WWCH;
				GENERATE_INFOPLIST_FILE = YES;
				INFOPLIST_FILE = "Save A Pup/Info.plist";
				INFOPLIST_KEY_UIApplicationSupportsIndirectInputEvents = YES;
				INFOPLIST_KEY_UILaunchStoryboardName = LaunchScreen;
				INFOPLIST_KEY_UISupportedInterfaceOrientations = "UIInterfaceOrientationPortrait UIInterfaceOrientationLandscapeLeft UIInterfaceOrientationLandscapeRight";
				INFOPLIST_KEY_UISupportedInterfaceOrientations_iPad = "UIInterfaceOrientationPortrait UIInterfaceOrientationPortraitUpsideDown UIInterfaceOrientationLandscapeLeft UIInterfaceOrientationLandscapeRight";
				INFOPLIST_KEY_UISupportedInterfaceOrientations_iPhone = "UIInterfaceOrientationPortrait UIInterfaceOrientationLandscapeLeft UIInterfaceOrientationLandscapeRight";
				IPHONEOS_DEPLOYMENT_TARGET = 15.1;
				LD_RUNPATH_SEARCH_PATHS = (
					"$(inherited)",
					"@executable_path/Frameworks",
				);
				MARKETING_VERSION = 1.0;
				PRODUCT_BUNDLE_IDENTIFIER = "com.nealsiegrist.Save-A-Pup";
				PRODUCT_NAME = "$(TARGET_NAME)";
				SWIFT_EMIT_LOC_STRINGS = YES;
				SWIFT_VERSION = 5.0;
				TARGETED_DEVICE_FAMILY = "1,2";
			};
			name = Debug;
		};
		D924552228B549C400D2C961 /* Release */ = {
			isa = XCBuildConfiguration;
			buildSettings = {
				ASSETCATALOG_COMPILER_APPICON_NAME = AppIcon;
				ASSETCATALOG_COMPILER_GLOBAL_ACCENT_COLOR_NAME = "";
				CODE_SIGN_STYLE = Automatic;
				CURRENT_PROJECT_VERSION = 1;
				DEVELOPMENT_TEAM = JM53A4WWCH;
				GENERATE_INFOPLIST_FILE = YES;
				INFOPLIST_FILE = "Save A Pup/Info.plist";
				INFOPLIST_KEY_UIApplicationSupportsIndirectInputEvents = YES;
				INFOPLIST_KEY_UILaunchStoryboardName = LaunchScreen;
				INFOPLIST_KEY_UISupportedInterfaceOrientations = "UIInterfaceOrientationPortrait UIInterfaceOrientationLandscapeLeft UIInterfaceOrientationLandscapeRight";
				INFOPLIST_KEY_UISupportedInterfaceOrientations_iPad = "UIInterfaceOrientationPortrait UIInterfaceOrientationPortraitUpsideDown UIInterfaceOrientationLandscapeLeft UIInterfaceOrientationLandscapeRight";
				INFOPLIST_KEY_UISupportedInterfaceOrientations_iPhone = "UIInterfaceOrientationPortrait UIInterfaceOrientationLandscapeLeft UIInterfaceOrientationLandscapeRight";
				IPHONEOS_DEPLOYMENT_TARGET = 15.1;
				LD_RUNPATH_SEARCH_PATHS = (
					"$(inherited)",
					"@executable_path/Frameworks",
				);
				MARKETING_VERSION = 1.0;
				PRODUCT_BUNDLE_IDENTIFIER = "com.nealsiegrist.Save-A-Pup";
				PRODUCT_NAME = "$(TARGET_NAME)";
				SWIFT_EMIT_LOC_STRINGS = YES;
				SWIFT_VERSION = 5.0;
				TARGETED_DEVICE_FAMILY = "1,2";
			};
			name = Release;
		};
		D9B0FDE228BFD05900F90834 /* Debug */ = {
			isa = XCBuildConfiguration;
			buildSettings = {
				BUNDLE_LOADER = "$(TEST_HOST)";
				CODE_SIGN_STYLE = Automatic;
				CURRENT_PROJECT_VERSION = 1;
				DEVELOPMENT_TEAM = JM53A4WWCH;
				GENERATE_INFOPLIST_FILE = YES;
				MARKETING_VERSION = 1.0;
				PRODUCT_BUNDLE_IDENTIFIER = "com.nealsiegrist.Networking-Tests";
				PRODUCT_NAME = "$(TARGET_NAME)";
				SWIFT_EMIT_LOC_STRINGS = NO;
				SWIFT_VERSION = 5.0;
				TARGETED_DEVICE_FAMILY = "1,2";
				TEST_HOST = "$(BUILT_PRODUCTS_DIR)/Save A Pup.app/Save A Pup";
			};
			name = Debug;
		};
		D9B0FDE328BFD05900F90834 /* Release */ = {
			isa = XCBuildConfiguration;
			buildSettings = {
				BUNDLE_LOADER = "$(TEST_HOST)";
				CODE_SIGN_STYLE = Automatic;
				CURRENT_PROJECT_VERSION = 1;
				DEVELOPMENT_TEAM = JM53A4WWCH;
				GENERATE_INFOPLIST_FILE = YES;
				MARKETING_VERSION = 1.0;
				PRODUCT_BUNDLE_IDENTIFIER = "com.nealsiegrist.Networking-Tests";
				PRODUCT_NAME = "$(TARGET_NAME)";
				SWIFT_EMIT_LOC_STRINGS = NO;
				SWIFT_VERSION = 5.0;
				TARGETED_DEVICE_FAMILY = "1,2";
				TEST_HOST = "$(BUILT_PRODUCTS_DIR)/Save A Pup.app/Save A Pup";
			};
			name = Release;
		};
/* End XCBuildConfiguration section */

/* Begin XCConfigurationList section */
		D92454F128B549C200D2C961 /* Build configuration list for PBXProject "Save A Pup" */ = {
			isa = XCConfigurationList;
			buildConfigurations = (
				D924551E28B549C400D2C961 /* Debug */,
				D924551F28B549C400D2C961 /* Release */,
			);
			defaultConfigurationIsVisible = 0;
			defaultConfigurationName = Release;
		};
		D924552028B549C400D2C961 /* Build configuration list for PBXNativeTarget "Save A Pup" */ = {
			isa = XCConfigurationList;
			buildConfigurations = (
				D924552128B549C400D2C961 /* Debug */,
				D924552228B549C400D2C961 /* Release */,
			);
			defaultConfigurationIsVisible = 0;
			defaultConfigurationName = Release;
		};
		D9B0FDE128BFD05900F90834 /* Build configuration list for PBXNativeTarget "Networking Tests" */ = {
			isa = XCConfigurationList;
			buildConfigurations = (
				D9B0FDE228BFD05900F90834 /* Debug */,
				D9B0FDE328BFD05900F90834 /* Release */,
			);
			defaultConfigurationIsVisible = 0;
			defaultConfigurationName = Release;
		};
/* End XCConfigurationList section */
	};
	rootObject = D92454EE28B549C200D2C961 /* Project object */;
}
